
Microsoft Visual Studio Solution File, Format Version 12.00
# Visual Studio Version 16
VisualStudioVersion = 16.0.28407.52
MinimumVisualStudioVersion = 10.0.40219.1
Project("{FAE04EC0-301F-11D3-BF4B-00C04F79EFBC}") = "RecorderHelper", "RecorderHelper\RecorderHelper.csproj", "{462FF915-0A12-4DFE-8D3C-54CE012D0A58}"
EndProject
Project("{2150E333-8FDC-42A3-9474-1A3956D46DE8}") = "Lib", "Lib", "{DB72C0AF-9F0C-44E4-B9BF-DD8476329F0D}"
	ProjectSection(SolutionItems) = preProject
		Lib\Interop.IMAPI2.dll = Lib\Interop.IMAPI2.dll
		Lib\Interop.IMAPI2FS.dll = Lib\Interop.IMAPI2FS.dll
	EndProjectSection
EndProject
Project("{FAE04EC0-301F-11D3-BF4B-00C04F79EFBC}") = "RecorderHelper.ConsoleApp", "RecorderHelper.ConsoleApp\RecorderHelper.ConsoleApp.csproj", "{CA6D68CE-DA77-45C1-A285-83EB717BBA31}"
EndProject
Global
	GlobalSection(SolutionConfigurationPlatforms) = preSolution
		Debug|Any CPU = Debug|Any CPU
		Release|Any CPU = Release|Any CPU
	EndGlobalSection
	GlobalSection(ProjectConfigurationPlatforms) = postSolution
		{462FF915-0A12-4DFE-8D3C-54CE012D0A58}.Debug|Any CPU.ActiveCfg = Debug|Any CPU
		{462FF915-0A12-4DFE-8D3C-54CE012D0A58}.Debug|Any CPU.Build.0 = Debug|Any CPU
		{462FF915-0A12-4DFE-8D3C-54CE012D0A58}.Release|Any CPU.ActiveCfg = Release|Any CPU
		{462FF915-0A12-4DFE-8D3C-54CE012D0A58}.Release|Any CPU.Build.0 = Release|Any CPU
		{CA6D68CE-DA77-45C1-A285-83EB717BBA31}.Debug|Any CPU.ActiveCfg = Debug|Any CPU
		{CA6D68CE-DA77-45C1-A285-83EB717BBA31}.Debug|Any CPU.Build.0 = Debug|Any CPU
		{CA6D68CE-DA77-45C1-A285-83EB717BBA31}.Release|Any CPU.ActiveCfg = Release|Any CPU
		{CA6D68CE-DA77-45C1-A285-83EB717BBA31}.Release|Any CPU.Build.0 = Release|Any CPU
	EndGlobalSection
	GlobalSection(SolutionProperties) = preSolution
		HideSolutionNode = FALSE
	EndGlobalSection
	GlobalSection(ExtensibilityGlobals) = postSolution
		SolutionGuid = {3A691CB5-41CA-4DC4-9E59-E195523E2344}
	EndGlobalSection
EndGlobal
